
Microsoft Visual Studio Solution File, Format Version 12.00
# Visual Studio Version 16
VisualStudioVersion = 25.0.1703.5
MinimumVisualStudioVersion = 10.0.40219.1
Project("{FAE04EC0-301F-11D3-BF4B-00C04F79EFBC}") = "ApprovalForm", "ApprovalForm\ApprovalForm.csproj", "{7355DAA4-C264-4099-AECF-CFA6E0793D65}"
EndProject
Global
	GlobalSection(SolutionConfigurationPlatforms) = preSolution
		Debug|Any CPU = Debug|Any CPU
		Release|Any CPU = Release|Any CPU
	EndGlobalSection
	GlobalSection(ProjectConfigurationPlatforms) = postSolution
		{7355DAA4-C264-4099-AECF-CFA6E0793D65}.Debug|Any CPU.ActiveCfg = Debug|Any CPU
		{7355DAA4-C264-4099-AECF-CFA6E0793D65}.Debug|Any CPU.Build.0 = Debug|Any CPU
		{7355DAA4-C264-4099-AECF-CFA6E0793D65}.Release|Any CPU.ActiveCfg = Release|Any CPU
		{7355DAA4-C264-4099-AECF-CFA6E0793D65}.Release|Any CPU.Build.0 = Release|Any CPU
	EndGlobalSection
	GlobalSection(SolutionProperties) = preSolution
		HideSolutionNode = FALSE
	EndGlobalSection
	GlobalSection(ExtensibilityGlobals) = postSolution
		SolutionGuid = {D7169877-155F-4488-AA04-AF60070B193A}
	EndGlobalSection
EndGlobal
